// !$*UTF8*$!
{
	archiveVersion = 1;
	classes = {
	};
	objectVersion = 56;
	objects = {

/* Begin PBXBuildFile section */
		012CF2582AB29C5D0098BAE3 /* AppDelegate.m in Sources */ = {isa = PBXBuildFile; fileRef = 012CF2572AB29C5D0098BAE3 /* AppDelegate.m */; };
		012CF25B2AB29C5D0098BAE3 /* SceneDelegate.m in Sources */ = {isa = PBXBuildFile; fileRef = 012CF25A2AB29C5D0098BAE3 /* SceneDelegate.m */; };
		012CF25E2AB29C5D0098BAE3 /* ViewController.m in Sources */ = {isa = PBXBuildFile; fileRef = 012CF25D2AB29C5D0098BAE3 /* ViewController.m */; };
		012CF2612AB29C5D0098BAE3 /* Main.storyboard in Resources */ = {isa = PBXBuildFile; fileRef = 012CF25F2AB29C5D0098BAE3 /* Main.storyboard */; };
		012CF2632AB29C5F0098BAE3 /* Assets.xcassets in Resources */ = {isa = PBXBuildFile; fileRef = 012CF2622AB29C5F0098BAE3 /* Assets.xcassets */; };
		012CF2662AB29C5F0098BAE3 /* LaunchScreen.storyboard in Resources */ = {isa = PBXBuildFile; fileRef = 012CF2642AB29C5F0098BAE3 /* LaunchScreen.storyboard */; };
		012CF2692AB29C5F0098BAE3 /* main.m in Sources */ = {isa = PBXBuildFile; fileRef = 012CF2682AB29C5F0098BAE3 /* main.m */; };
		012CF2AC2AB29E5D0098BAE3 /* HTCommonConfiguration.m in Sources */ = {isa = PBXBuildFile; fileRef = 012CF2702AB29E5D0098BAE3 /* HTCommonConfiguration.m */; };
		012CF2AD2AB29E5D0098BAE3 /* UIColor+Color.m in Sources */ = {isa = PBXBuildFile; fileRef = 012CF2732AB29E5D0098BAE3 /* UIColor+Color.m */; };
		012CF2AE2AB29E5D0098BAE3 /* UIViewController+Navigation.m in Sources */ = {isa = PBXBuildFile; fileRef = 012CF2772AB29E5D0098BAE3 /* UIViewController+Navigation.m */; };
		012CF2AF2AB29E5D0098BAE3 /* HTCommonUtils.m in Sources */ = {isa = PBXBuildFile; fileRef = 012CF2782AB29E5D0098BAE3 /* HTCommonUtils.m */; };
		012CF2B02AB29E5D0098BAE3 /* HTStringUtils.m in Sources */ = {isa = PBXBuildFile; fileRef = 012CF2792AB29E5D0098BAE3 /* HTStringUtils.m */; };
		012CF2B12AB29E5D0098BAE3 /* FLBaseModel.m in Sources */ = {isa = PBXBuildFile; fileRef = 012CF27B2AB29E5D0098BAE3 /* FLBaseModel.m */; };
		012CF2B22AB29E5D0098BAE3 /* NSString+Extension.m in Sources */ = {isa = PBXBuildFile; fileRef = 012CF27E2AB29E5D0098BAE3 /* NSString+Extension.m */; };
		012CF2B32AB29E5D0098BAE3 /* UINavigationController+FDFullscreenPopGesture.m in Sources */ = {isa = PBXBuildFile; fileRef = 012CF2802AB29E5D0098BAE3 /* UINavigationController+FDFullscreenPopGesture.m */; };
		012CF2B42AB29E5D0098BAE3 /* ZKBaseMessageConfiguration.m in Sources */ = {isa = PBXBuildFile; fileRef = 012CF2832AB29E5D0098BAE3 /* ZKBaseMessageConfiguration.m */; };
		012CF2B52AB29E5D0098BAE3 /* ZKPopUpViewBtnModel.m in Sources */ = {isa = PBXBuildFile; fileRef = 012CF2872AB29E5D0098BAE3 /* ZKPopUpViewBtnModel.m */; };
		012CF2B62AB29E5D0098BAE3 /* HTBaseViewController.m in Sources */ = {isa = PBXBuildFile; fileRef = 012CF28A2AB29E5D0098BAE3 /* HTBaseViewController.m */; };
		012CF2B72AB29E5D0098BAE3 /* ZKBaseNavigationController.m in Sources */ = {isa = PBXBuildFile; fileRef = 012CF28E2AB29E5D0098BAE3 /* ZKBaseNavigationController.m */; };
		012CF2B82AB29E5D0098BAE3 /* HTBaseNavigationController.m in Sources */ = {isa = PBXBuildFile; fileRef = 012CF28F2AB29E5D0098BAE3 /* HTBaseNavigationController.m */; };
		012CF2B92AB29E5D0098BAE3 /* ZKBaseTabBarViewController.m in Sources */ = {isa = PBXBuildFile; fileRef = 012CF2912AB29E5D0098BAE3 /* ZKBaseTabBarViewController.m */; };
		012CF2BA2AB29E5D0098BAE3 /* ZKBaseViewController.m in Sources */ = {isa = PBXBuildFile; fileRef = 012CF2922AB29E5D0098BAE3 /* ZKBaseViewController.m */; };
		012CF2BB2AB29E5D0098BAE3 /* ZKThemeAdapter.m in Sources */ = {isa = PBXBuildFile; fileRef = 012CF2932AB29E5D0098BAE3 /* ZKThemeAdapter.m */; };
		012CF2BC2AB29E5D0098BAE3 /* ZKBasePopUpView.m in Sources */ = {isa = PBXBuildFile; fileRef = 012CF2942AB29E5D0098BAE3 /* ZKBasePopUpView.m */; };
		012CF2BD2AB29E5D0098BAE3 /* ZKBaseTitleConfiguration.m in Sources */ = {isa = PBXBuildFile; fileRef = 012CF2962AB29E5D0098BAE3 /* ZKBaseTitleConfiguration.m */; };
		012CF2BE2AB29E5D0098BAE3 /* ZKBaseEdgeInsetButton.m in Sources */ = {isa = PBXBuildFile; fileRef = 012CF2982AB29E5D0098BAE3 /* ZKBaseEdgeInsetButton.m */; };
		012CF2BF2AB29E5D0098BAE3 /* ZKBaseTipTool.m in Sources */ = {isa = PBXBuildFile; fileRef = 012CF2992AB29E5D0098BAE3 /* ZKBaseTipTool.m */; };
		012CF2C02AB29E5D0098BAE3 /* LoadActivityIndicatorButton.m in Sources */ = {isa = PBXBuildFile; fileRef = 012CF29C2AB29E5D0098BAE3 /* LoadActivityIndicatorButton.m */; };
		012CF2C12AB29E5D0098BAE3 /* ZKAlertView.m in Sources */ = {isa = PBXBuildFile; fileRef = 012CF29D2AB29E5D0098BAE3 /* ZKAlertView.m */; };
		012CF2C22AB29E5D0098BAE3 /* ZKCustomLayout.m in Sources */ = {isa = PBXBuildFile; fileRef = 012CF29E2AB29E5D0098BAE3 /* ZKCustomLayout.m */; };
		012CF2C32AB29E5D0098BAE3 /* ZKBaseTextField.m in Sources */ = {isa = PBXBuildFile; fileRef = 012CF2A32AB29E5D0098BAE3 /* ZKBaseTextField.m */; };
		012CF2C42AB29E5D0098BAE3 /* ZKBaseRoundTextField.m in Sources */ = {isa = PBXBuildFile; fileRef = 012CF2A42AB29E5D0098BAE3 /* ZKBaseRoundTextField.m */; };
		012CF2C52AB29E5D0098BAE3 /* HTAccountModel.m in Sources */ = {isa = PBXBuildFile; fileRef = 012CF2A72AB29E5D0098BAE3 /* HTAccountModel.m */; };
		012CF2C62AB29E5D0098BAE3 /* UIView+Extension.m in Sources */ = {isa = PBXBuildFile; fileRef = 012CF2A82AB29E5D0098BAE3 /* UIView+Extension.m */; };
		012CF2C72AB29E5D0098BAE3 /* UIButton+LoadActivityView.m in Sources */ = {isa = PBXBuildFile; fileRef = 012CF2A92AB29E5D0098BAE3 /* UIButton+LoadActivityView.m */; };
		012CF2FD2AB2BAFC0098BAE3 /* HTFileManager.m in Sources */ = {isa = PBXBuildFile; fileRef = 012CF2FB2AB2BAFC0098BAE3 /* HTFileManager.m */; };
		012CF3002AB2BB600098BAE3 /* LKFPrivateFunction.m in Sources */ = {isa = PBXBuildFile; fileRef = 012CF2FF2AB2BB600098BAE3 /* LKFPrivateFunction.m */; };
		012CF3ED2AB2E2650098BAE3 /* HTAdBaseModel.m in Sources */ = {isa = PBXBuildFile; fileRef = 012CF3EB2AB2E2650098BAE3 /* HTAdBaseModel.m */; };
		012CF3F62AB2E41F0098BAE3 /* HTAdViewManager.m in Sources */ = {isa = PBXBuildFile; fileRef = 012CF3F52AB2E41F0098BAE3 /* HTAdViewManager.m */; };
		012CF3F92AB2E4840098BAE3 /* HTAdView.m in Sources */ = {isa = PBXBuildFile; fileRef = 012CF3F82AB2E4840098BAE3 /* HTAdView.m */; };
		012CF3FC2AB2EB290098BAE3 /* HTAdLovinManager.m in Sources */ = {isa = PBXBuildFile; fileRef = 012CF3FB2AB2EB290098BAE3 /* HTAdLovinManager.m */; };
		012CF3FF2AB2EC990098BAE3 /* HTRemoveAdPopView.m in Sources */ = {isa = PBXBuildFile; fileRef = 012CF3FE2AB2EC990098BAE3 /* HTRemoveAdPopView.m */; };
		6C6D4E2A8966EF494220043F /* Pods_Runner.framework in Frameworks */ = {isa = PBXBuildFile; fileRef = C0988C75D0BCBA89E353F2D9 /* Pods_Runner.framework */; };
/* End PBXBuildFile section */

/* Begin PBXFileReference section */
		012CF2532AB29C5D0098BAE3 /* Runner.app */ = {isa = PBXFileReference; explicitFileType = wrapper.application; includeInIndex = 0; path = Runner.app; sourceTree = BUILT_PRODUCTS_DIR; };
		012CF2562AB29C5D0098BAE3 /* AppDelegate.h */ = {isa = PBXFileReference; lastKnownFileType = sourcecode.c.h; path = AppDelegate.h; sourceTree = "<group>"; };
		012CF2572AB29C5D0098BAE3 /* AppDelegate.m */ = {isa = PBXFileReference; lastKnownFileType = sourcecode.c.objc; path = AppDelegate.m; sourceTree = "<group>"; };
		012CF2592AB29C5D0098BAE3 /* SceneDelegate.h */ = {isa = PBXFileReference; lastKnownFileType = sourcecode.c.h; path = SceneDelegate.h; sourceTree = "<group>"; };
		012CF25A2AB29C5D0098BAE3 /* SceneDelegate.m */ = {isa = PBXFileReference; lastKnownFileType = sourcecode.c.objc; path = SceneDelegate.m; sourceTree = "<group>"; };
		012CF25C2AB29C5D0098BAE3 /* ViewController.h */ = {isa = PBXFileReference; lastKnownFileType = sourcecode.c.h; path = ViewController.h; sourceTree = "<group>"; };
		012CF25D2AB29C5D0098BAE3 /* ViewController.m */ = {isa = PBXFileReference; lastKnownFileType = sourcecode.c.objc; path = ViewController.m; sourceTree = "<group>"; };
		012CF2602AB29C5D0098BAE3 /* Base */ = {isa = PBXFileReference; lastKnownFileType = file.storyboard; name = Base; path = Base.lproj/Main.storyboard; sourceTree = "<group>"; };
		012CF2622AB29C5F0098BAE3 /* Assets.xcassets */ = {isa = PBXFileReference; lastKnownFileType = folder.assetcatalog; path = Assets.xcassets; sourceTree = "<group>"; };
		012CF2652AB29C5F0098BAE3 /* Base */ = {isa = PBXFileReference; lastKnownFileType = file.storyboard; name = Base; path = Base.lproj/LaunchScreen.storyboard; sourceTree = "<group>"; };
		012CF2672AB29C5F0098BAE3 /* Info.plist */ = {isa = PBXFileReference; lastKnownFileType = text.plist.xml; path = Info.plist; sourceTree = "<group>"; };
		012CF2682AB29C5F0098BAE3 /* main.m */ = {isa = PBXFileReference; lastKnownFileType = sourcecode.c.objc; path = main.m; sourceTree = "<group>"; };
		012CF2702AB29E5D0098BAE3 /* HTCommonConfiguration.m */ = {isa = PBXFileReference; fileEncoding = 4; lastKnownFileType = sourcecode.c.objc; path = HTCommonConfiguration.m; sourceTree = "<group>"; };
		012CF2712AB29E5D0098BAE3 /* FLBaseModel.h */ = {isa = PBXFileReference; fileEncoding = 4; lastKnownFileType = sourcecode.c.h; path = FLBaseModel.h; sourceTree = "<group>"; };
		012CF2722AB29E5D0098BAE3 /* UINavigationController+FDFullscreenPopGesture.h */ = {isa = PBXFileReference; fileEncoding = 4; lastKnownFileType = sourcecode.c.h; path = "UINavigationController+FDFullscreenPopGesture.h"; sourceTree = "<group>"; };
		012CF2732AB29E5D0098BAE3 /* UIColor+Color.m */ = {isa = PBXFileReference; fileEncoding = 4; lastKnownFileType = sourcecode.c.objc; path = "UIColor+Color.m"; sourceTree = "<group>"; };
		012CF2742AB29E5D0098BAE3 /* NSString+Extension.h */ = {isa = PBXFileReference; fileEncoding = 4; lastKnownFileType = sourcecode.c.h; path = "NSString+Extension.h"; sourceTree = "<group>"; };
		012CF2752AB29E5D0098BAE3 /* HTAccountModel.h */ = {isa = PBXFileReference; fileEncoding = 4; lastKnownFileType = sourcecode.c.h; path = HTAccountModel.h; sourceTree = "<group>"; };
		012CF2762AB29E5D0098BAE3 /* UIView+Extension.h */ = {isa = PBXFileReference; fileEncoding = 4; lastKnownFileType = sourcecode.c.h; path = "UIView+Extension.h"; sourceTree = "<group>"; };
		012CF2772AB29E5D0098BAE3 /* UIViewController+Navigation.m */ = {isa = PBXFileReference; fileEncoding = 4; lastKnownFileType = sourcecode.c.objc; path = "UIViewController+Navigation.m"; sourceTree = "<group>"; };
		012CF2782AB29E5D0098BAE3 /* HTCommonUtils.m */ = {isa = PBXFileReference; fileEncoding = 4; lastKnownFileType = sourcecode.c.objc; path = HTCommonUtils.m; sourceTree = "<group>"; };
		012CF2792AB29E5D0098BAE3 /* HTStringUtils.m */ = {isa = PBXFileReference; fileEncoding = 4; lastKnownFileType = sourcecode.c.objc; path = HTStringUtils.m; sourceTree = "<group>"; };
		012CF27A2AB29E5D0098BAE3 /* UIButton+LoadActivityView.h */ = {isa = PBXFileReference; fileEncoding = 4; lastKnownFileType = sourcecode.c.h; path = "UIButton+LoadActivityView.h"; sourceTree = "<group>"; };
		012CF27B2AB29E5D0098BAE3 /* FLBaseModel.m */ = {isa = PBXFileReference; fileEncoding = 4; lastKnownFileType = sourcecode.c.objc; path = FLBaseModel.m; sourceTree = "<group>"; };
		012CF27C2AB29E5D0098BAE3 /* HTCommonConfiguration.h */ = {isa = PBXFileReference; fileEncoding = 4; lastKnownFileType = sourcecode.c.h; path = HTCommonConfiguration.h; sourceTree = "<group>"; };
		012CF27D2AB29E5D0098BAE3 /* HTNetworkApi.h */ = {isa = PBXFileReference; fileEncoding = 4; lastKnownFileType = sourcecode.c.h; path = HTNetworkApi.h; sourceTree = "<group>"; };
		012CF27E2AB29E5D0098BAE3 /* NSString+Extension.m */ = {isa = PBXFileReference; fileEncoding = 4; lastKnownFileType = sourcecode.c.objc; path = "NSString+Extension.m"; sourceTree = "<group>"; };
		012CF27F2AB29E5D0098BAE3 /* UIColor+Color.h */ = {isa = PBXFileReference; fileEncoding = 4; lastKnownFileType = sourcecode.c.h; path = "UIColor+Color.h"; sourceTree = "<group>"; };
		012CF2802AB29E5D0098BAE3 /* UINavigationController+FDFullscreenPopGesture.m */ = {isa = PBXFileReference; fileEncoding = 4; lastKnownFileType = sourcecode.c.objc; path = "UINavigationController+FDFullscreenPopGesture.m"; sourceTree = "<group>"; };
		012CF2812AB29E5D0098BAE3 /* UIViewController+Navigation.h */ = {isa = PBXFileReference; fileEncoding = 4; lastKnownFileType = sourcecode.c.h; path = "UIViewController+Navigation.h"; sourceTree = "<group>"; };
		012CF2832AB29E5D0098BAE3 /* ZKBaseMessageConfiguration.m */ = {isa = PBXFileReference; fileEncoding = 4; lastKnownFileType = sourcecode.c.objc; path = ZKBaseMessageConfiguration.m; sourceTree = "<group>"; };
		012CF2842AB29E5D0098BAE3 /* ZKBasePopUpView.h */ = {isa = PBXFileReference; fileEncoding = 4; lastKnownFileType = sourcecode.c.h; path = ZKBasePopUpView.h; sourceTree = "<group>"; };
		012CF2852AB29E5D0098BAE3 /* ZKThemeAdapter.h */ = {isa = PBXFileReference; fileEncoding = 4; lastKnownFileType = sourcecode.c.h; path = ZKThemeAdapter.h; sourceTree = "<group>"; };
		012CF2862AB29E5D0098BAE3 /* ZKBaseTitleConfiguration.h */ = {isa = PBXFileReference; fileEncoding = 4; lastKnownFileType = sourcecode.c.h; path = ZKBaseTitleConfiguration.h; sourceTree = "<group>"; };
		012CF2872AB29E5D0098BAE3 /* ZKPopUpViewBtnModel.m */ = {isa = PBXFileReference; fileEncoding = 4; lastKnownFileType = sourcecode.c.objc; path = ZKPopUpViewBtnModel.m; sourceTree = "<group>"; };
		012CF2892AB29E5D0098BAE3 /* ZKBaseNavigationController.h */ = {isa = PBXFileReference; fileEncoding = 4; lastKnownFileType = sourcecode.c.h; path = ZKBaseNavigationController.h; sourceTree = "<group>"; };
		012CF28A2AB29E5D0098BAE3 /* HTBaseViewController.m */ = {isa = PBXFileReference; fileEncoding = 4; lastKnownFileType = sourcecode.c.objc; path = HTBaseViewController.m; sourceTree = "<group>"; };
		012CF28B2AB29E5D0098BAE3 /* HTBaseNavigationController.h */ = {isa = PBXFileReference; fileEncoding = 4; lastKnownFileType = sourcecode.c.h; path = HTBaseNavigationController.h; sourceTree = "<group>"; };
		012CF28C2AB29E5D0098BAE3 /* ZKBaseViewController.h */ = {isa = PBXFileReference; fileEncoding = 4; lastKnownFileType = sourcecode.c.h; path = ZKBaseViewController.h; sourceTree = "<group>"; };
		012CF28D2AB29E5D0098BAE3 /* ZKBaseTabBarViewController.h */ = {isa = PBXFileReference; fileEncoding = 4; lastKnownFileType = sourcecode.c.h; path = ZKBaseTabBarViewController.h; sourceTree = "<group>"; };
		012CF28E2AB29E5D0098BAE3 /* ZKBaseNavigationController.m */ = {isa = PBXFileReference; fileEncoding = 4; lastKnownFileType = sourcecode.c.objc; path = ZKBaseNavigationController.m; sourceTree = "<group>"; };
		012CF28F2AB29E5D0098BAE3 /* HTBaseNavigationController.m */ = {isa = PBXFileReference; fileEncoding = 4; lastKnownFileType = sourcecode.c.objc; path = HTBaseNavigationController.m; sourceTree = "<group>"; };
		012CF2902AB29E5D0098BAE3 /* HTBaseViewController.h */ = {isa = PBXFileReference; fileEncoding = 4; lastKnownFileType = sourcecode.c.h; path = HTBaseViewController.h; sourceTree = "<group>"; };
		012CF2912AB29E5D0098BAE3 /* ZKBaseTabBarViewController.m */ = {isa = PBXFileReference; fileEncoding = 4; lastKnownFileType = sourcecode.c.objc; path = ZKBaseTabBarViewController.m; sourceTree = "<group>"; };
		012CF2922AB29E5D0098BAE3 /* ZKBaseViewController.m */ = {isa = PBXFileReference; fileEncoding = 4; lastKnownFileType = sourcecode.c.objc; path = ZKBaseViewController.m; sourceTree = "<group>"; };
		012CF2932AB29E5D0098BAE3 /* ZKThemeAdapter.m */ = {isa = PBXFileReference; fileEncoding = 4; lastKnownFileType = sourcecode.c.objc; path = ZKThemeAdapter.m; sourceTree = "<group>"; };
		012CF2942AB29E5D0098BAE3 /* ZKBasePopUpView.m */ = {isa = PBXFileReference; fileEncoding = 4; lastKnownFileType = sourcecode.c.objc; path = ZKBasePopUpView.m; sourceTree = "<group>"; };
		012CF2952AB29E5D0098BAE3 /* ZKBaseMessageConfiguration.h */ = {isa = PBXFileReference; fileEncoding = 4; lastKnownFileType = sourcecode.c.h; path = ZKBaseMessageConfiguration.h; sourceTree = "<group>"; };
		012CF2962AB29E5D0098BAE3 /* ZKBaseTitleConfiguration.m */ = {isa = PBXFileReference; fileEncoding = 4; lastKnownFileType = sourcecode.c.objc; path = ZKBaseTitleConfiguration.m; sourceTree = "<group>"; };
		012CF2982AB29E5D0098BAE3 /* ZKBaseEdgeInsetButton.m */ = {isa = PBXFileReference; fileEncoding = 4; lastKnownFileType = sourcecode.c.objc; path = ZKBaseEdgeInsetButton.m; sourceTree = "<group>"; };
		012CF2992AB29E5D0098BAE3 /* ZKBaseTipTool.m */ = {isa = PBXFileReference; fileEncoding = 4; lastKnownFileType = sourcecode.c.objc; path = ZKBaseTipTool.m; sourceTree = "<group>"; };
		012CF29A2AB29E5D0098BAE3 /* ZKBaseRoundTextField.h */ = {isa = PBXFileReference; fileEncoding = 4; lastKnownFileType = sourcecode.c.h; path = ZKBaseRoundTextField.h; sourceTree = "<group>"; };
		012CF29B2AB29E5D0098BAE3 /* ZKBaseTextField.h */ = {isa = PBXFileReference; fileEncoding = 4; lastKnownFileType = sourcecode.c.h; path = ZKBaseTextField.h; sourceTree = "<group>"; };
		012CF29C2AB29E5D0098BAE3 /* LoadActivityIndicatorButton.m */ = {isa = PBXFileReference; fileEncoding = 4; lastKnownFileType = sourcecode.c.objc; path = LoadActivityIndicatorButton.m; sourceTree = "<group>"; };
		012CF29D2AB29E5D0098BAE3 /* ZKAlertView.m */ = {isa = PBXFileReference; fileEncoding = 4; lastKnownFileType = sourcecode.c.objc; path = ZKAlertView.m; sourceTree = "<group>"; };
		012CF29E2AB29E5D0098BAE3 /* ZKCustomLayout.m */ = {isa = PBXFileReference; fileEncoding = 4; lastKnownFileType = sourcecode.c.objc; path = ZKCustomLayout.m; sourceTree = "<group>"; };
		012CF29F2AB29E5D0098BAE3 /* ZKBaseTipTool.h */ = {isa = PBXFileReference; fileEncoding = 4; lastKnownFileType = sourcecode.c.h; path = ZKBaseTipTool.h; sourceTree = "<group>"; };
		012CF2A02AB29E5D0098BAE3 /* ZKBaseEdgeInsetButton.h */ = {isa = PBXFileReference; fileEncoding = 4; lastKnownFileType = sourcecode.c.h; path = ZKBaseEdgeInsetButton.h; sourceTree = "<group>"; };
		012CF2A12AB29E5D0098BAE3 /* LoadActivityIndicatorButton.h */ = {isa = PBXFileReference; fileEncoding = 4; lastKnownFileType = sourcecode.c.h; path = LoadActivityIndicatorButton.h; sourceTree = "<group>"; };
		012CF2A22AB29E5D0098BAE3 /* ZKAlertView.h */ = {isa = PBXFileReference; fileEncoding = 4; lastKnownFileType = sourcecode.c.h; path = ZKAlertView.h; sourceTree = "<group>"; };
		012CF2A32AB29E5D0098BAE3 /* ZKBaseTextField.m */ = {isa = PBXFileReference; fileEncoding = 4; lastKnownFileType = sourcecode.c.objc; path = ZKBaseTextField.m; sourceTree = "<group>"; };
		012CF2A42AB29E5D0098BAE3 /* ZKBaseRoundTextField.m */ = {isa = PBXFileReference; fileEncoding = 4; lastKnownFileType = sourcecode.c.objc; path = ZKBaseRoundTextField.m; sourceTree = "<group>"; };
		012CF2A52AB29E5D0098BAE3 /* ZKCustomLayout.h */ = {isa = PBXFileReference; fileEncoding = 4; lastKnownFileType = sourcecode.c.h; path = ZKCustomLayout.h; sourceTree = "<group>"; };
		012CF2A62AB29E5D0098BAE3 /* ZKPopUpViewBtnModel.h */ = {isa = PBXFileReference; fileEncoding = 4; lastKnownFileType = sourcecode.c.h; path = ZKPopUpViewBtnModel.h; sourceTree = "<group>"; };
		012CF2A72AB29E5D0098BAE3 /* HTAccountModel.m */ = {isa = PBXFileReference; fileEncoding = 4; lastKnownFileType = sourcecode.c.objc; path = HTAccountModel.m; sourceTree = "<group>"; };
		012CF2A82AB29E5D0098BAE3 /* UIView+Extension.m */ = {isa = PBXFileReference; fileEncoding = 4; lastKnownFileType = sourcecode.c.objc; path = "UIView+Extension.m"; sourceTree = "<group>"; };
		012CF2A92AB29E5D0098BAE3 /* UIButton+LoadActivityView.m */ = {isa = PBXFileReference; fileEncoding = 4; lastKnownFileType = sourcecode.c.objc; path = "UIButton+LoadActivityView.m"; sourceTree = "<group>"; };
		012CF2AA2AB29E5D0098BAE3 /* HTStringUtils.h */ = {isa = PBXFileReference; fileEncoding = 4; lastKnownFileType = sourcecode.c.h; path = HTStringUtils.h; sourceTree = "<group>"; };
		012CF2AB2AB29E5D0098BAE3 /* HTCommonUtils.h */ = {isa = PBXFileReference; fileEncoding = 4; lastKnownFileType = sourcecode.c.h; path = HTCommonUtils.h; sourceTree = "<group>"; };
		012CF2C82AB29E920098BAE3 /* PrefixHeader.pch */ = {isa = PBXFileReference; fileEncoding = 4; lastKnownFileType = sourcecode.c.h; path = PrefixHeader.pch; sourceTree = SOURCE_ROOT; };
		012CF2FB2AB2BAFC0098BAE3 /* HTFileManager.m */ = {isa = PBXFileReference; fileEncoding = 4; lastKnownFileType = sourcecode.c.objc; path = HTFileManager.m; sourceTree = "<group>"; };
		012CF2FC2AB2BAFC0098BAE3 /* HTFileManager.h */ = {isa = PBXFileReference; fileEncoding = 4; lastKnownFileType = sourcecode.c.h; path = HTFileManager.h; sourceTree = "<group>"; };
		012CF2FE2AB2BB600098BAE3 /* LKFPrivateFunction.h */ = {isa = PBXFileReference; fileEncoding = 4; lastKnownFileType = sourcecode.c.h; path = LKFPrivateFunction.h; sourceTree = "<group>"; };
		012CF2FF2AB2BB600098BAE3 /* LKFPrivateFunction.m */ = {isa = PBXFileReference; fileEncoding = 4; lastKnownFileType = sourcecode.c.objc; path = LKFPrivateFunction.m; sourceTree = "<group>"; };
		012CF3EB2AB2E2650098BAE3 /* HTAdBaseModel.m */ = {isa = PBXFileReference; fileEncoding = 4; lastKnownFileType = sourcecode.c.objc; path = HTAdBaseModel.m; sourceTree = "<group>"; };
		012CF3EC2AB2E2650098BAE3 /* HTAdBaseModel.h */ = {isa = PBXFileReference; fileEncoding = 4; lastKnownFileType = sourcecode.c.h; path = HTAdBaseModel.h; sourceTree = "<group>"; };
		012CF3F42AB2E41F0098BAE3 /* HTAdViewManager.h */ = {isa = PBXFileReference; lastKnownFileType = sourcecode.c.h; path = HTAdViewManager.h; sourceTree = "<group>"; };
		012CF3F52AB2E41F0098BAE3 /* HTAdViewManager.m */ = {isa = PBXFileReference; lastKnownFileType = sourcecode.c.objc; path = HTAdViewManager.m; sourceTree = "<group>"; };
		012CF3F72AB2E4840098BAE3 /* HTAdView.h */ = {isa = PBXFileReference; lastKnownFileType = sourcecode.c.h; path = HTAdView.h; sourceTree = "<group>"; };
		012CF3F82AB2E4840098BAE3 /* HTAdView.m */ = {isa = PBXFileReference; lastKnownFileType = sourcecode.c.objc; path = HTAdView.m; sourceTree = "<group>"; };
		012CF3FA2AB2EB290098BAE3 /* HTAdLovinManager.h */ = {isa = PBXFileReference; fileEncoding = 4; lastKnownFileType = sourcecode.c.h; path = HTAdLovinManager.h; sourceTree = "<group>"; };
		012CF3FB2AB2EB290098BAE3 /* HTAdLovinManager.m */ = {isa = PBXFileReference; fileEncoding = 4; lastKnownFileType = sourcecode.c.objc; path = HTAdLovinManager.m; sourceTree = "<group>"; };
		012CF3FD2AB2EC990098BAE3 /* HTRemoveAdPopView.h */ = {isa = PBXFileReference; fileEncoding = 4; lastKnownFileType = sourcecode.c.h; path = HTRemoveAdPopView.h; sourceTree = "<group>"; };
		012CF3FE2AB2EC990098BAE3 /* HTRemoveAdPopView.m */ = {isa = PBXFileReference; fileEncoding = 4; lastKnownFileType = sourcecode.c.objc; path = HTRemoveAdPopView.m; sourceTree = "<group>"; };
		0E4CC65C7F022335ACBCF091 /* Pods-Runner.release.xcconfig */ = {isa = PBXFileReference; includeInIndex = 1; lastKnownFileType = text.xcconfig; name = "Pods-Runner.release.xcconfig"; path = "Target Support Files/Pods-Runner/Pods-Runner.release.xcconfig"; sourceTree = "<group>"; };
		5A05D6E401300E8D195FC034 /* Pods-Runner.debug.xcconfig */ = {isa = PBXFileReference; includeInIndex = 1; lastKnownFileType = text.xcconfig; name = "Pods-Runner.debug.xcconfig"; path = "Target Support Files/Pods-Runner/Pods-Runner.debug.xcconfig"; sourceTree = "<group>"; };
		C0988C75D0BCBA89E353F2D9 /* Pods_Runner.framework */ = {isa = PBXFileReference; explicitFileType = wrapper.framework; includeInIndex = 0; path = Pods_Runner.framework; sourceTree = BUILT_PRODUCTS_DIR; };
/* End PBXFileReference section */

/* Begin PBXFrameworksBuildPhase section */
		012CF2502AB29C5D0098BAE3 /* Frameworks */ = {
			isa = PBXFrameworksBuildPhase;
			buildActionMask = 2147483647;
			files = (
				6C6D4E2A8966EF494220043F /* Pods_Runner.framework in Frameworks */,
			);
			runOnlyForDeploymentPostprocessing = 0;
		};
/* End PBXFrameworksBuildPhase section */

/* Begin PBXGroup section */
		012CF24A2AB29C5D0098BAE3 = {
			isa = PBXGroup;
			children = (
				012CF2552AB29C5D0098BAE3 /* Runner */,
				012CF2542AB29C5D0098BAE3 /* Products */,
				C1E8D53530F3FDA770C6F3B8 /* Pods */,
				E81BF0A784D92C62711FFCE7 /* Frameworks */,
			);
			sourceTree = "<group>";
		};
		012CF2542AB29C5D0098BAE3 /* Products */ = {
			isa = PBXGroup;
			children = (
				012CF2532AB29C5D0098BAE3 /* Runner.app */,
			);
			name = Products;
			sourceTree = "<group>";
		};
		012CF2552AB29C5D0098BAE3 /* Runner */ = {
			isa = PBXGroup;
			children = (
				012CF26F2AB29E5D0098BAE3 /* Classes */,
				012CF2562AB29C5D0098BAE3 /* AppDelegate.h */,
				012CF2572AB29C5D0098BAE3 /* AppDelegate.m */,
				012CF2592AB29C5D0098BAE3 /* SceneDelegate.h */,
				012CF25A2AB29C5D0098BAE3 /* SceneDelegate.m */,
				012CF25C2AB29C5D0098BAE3 /* ViewController.h */,
				012CF25D2AB29C5D0098BAE3 /* ViewController.m */,
				012CF2C82AB29E920098BAE3 /* PrefixHeader.pch */,
				012CF25F2AB29C5D0098BAE3 /* Main.storyboard */,
				012CF2622AB29C5F0098BAE3 /* Assets.xcassets */,
				012CF2642AB29C5F0098BAE3 /* LaunchScreen.storyboard */,
				012CF2672AB29C5F0098BAE3 /* Info.plist */,
				012CF2682AB29C5F0098BAE3 /* main.m */,
			);
			path = Runner;
			sourceTree = "<group>";
		};
		012CF26F2AB29E5D0098BAE3 /* Classes */ = {
			isa = PBXGroup;
			children = (
				012CF2712AB29E5D0098BAE3 /* FLBaseModel.h */,
				012CF27B2AB29E5D0098BAE3 /* FLBaseModel.m */,
				012CF3EC2AB2E2650098BAE3 /* HTAdBaseModel.h */,
				012CF3EB2AB2E2650098BAE3 /* HTAdBaseModel.m */,
				012CF2752AB29E5D0098BAE3 /* HTAccountModel.h */,
				012CF2A72AB29E5D0098BAE3 /* HTAccountModel.m */,
				012CF28B2AB29E5D0098BAE3 /* HTBaseNavigationController.h */,
				012CF28F2AB29E5D0098BAE3 /* HTBaseNavigationController.m */,
				012CF2902AB29E5D0098BAE3 /* HTBaseViewController.h */,
				012CF28A2AB29E5D0098BAE3 /* HTBaseViewController.m */,
				012CF27C2AB29E5D0098BAE3 /* HTCommonConfiguration.h */,
				012CF2702AB29E5D0098BAE3 /* HTCommonConfiguration.m */,
				012CF2AB2AB29E5D0098BAE3 /* HTCommonUtils.h */,
				012CF2782AB29E5D0098BAE3 /* HTCommonUtils.m */,
				012CF2FC2AB2BAFC0098BAE3 /* HTFileManager.h */,
				012CF2FB2AB2BAFC0098BAE3 /* HTFileManager.m */,
				012CF27D2AB29E5D0098BAE3 /* HTNetworkApi.h */,
				012CF2AA2AB29E5D0098BAE3 /* HTStringUtils.h */,
				012CF2792AB29E5D0098BAE3 /* HTStringUtils.m */,
				012CF2FE2AB2BB600098BAE3 /* LKFPrivateFunction.h */,
				012CF2FF2AB2BB600098BAE3 /* LKFPrivateFunction.m */,
				012CF2A12AB29E5D0098BAE3 /* LoadActivityIndicatorButton.h */,
				012CF29C2AB29E5D0098BAE3 /* LoadActivityIndicatorButton.m */,
				012CF2742AB29E5D0098BAE3 /* NSString+Extension.h */,
				012CF27E2AB29E5D0098BAE3 /* NSString+Extension.m */,
				012CF27A2AB29E5D0098BAE3 /* UIButton+LoadActivityView.h */,
				012CF2A92AB29E5D0098BAE3 /* UIButton+LoadActivityView.m */,
				012CF27F2AB29E5D0098BAE3 /* UIColor+Color.h */,
				012CF2732AB29E5D0098BAE3 /* UIColor+Color.m */,
				012CF2722AB29E5D0098BAE3 /* UINavigationController+FDFullscreenPopGesture.h */,
				012CF2802AB29E5D0098BAE3 /* UINavigationController+FDFullscreenPopGesture.m */,
				012CF2762AB29E5D0098BAE3 /* UIView+Extension.h */,
				012CF2A82AB29E5D0098BAE3 /* UIView+Extension.m */,
				012CF2812AB29E5D0098BAE3 /* UIViewController+Navigation.h */,
				012CF2772AB29E5D0098BAE3 /* UIViewController+Navigation.m */,
				012CF2A22AB29E5D0098BAE3 /* ZKAlertView.h */,
				012CF29D2AB29E5D0098BAE3 /* ZKAlertView.m */,
				012CF2A02AB29E5D0098BAE3 /* ZKBaseEdgeInsetButton.h */,
				012CF2982AB29E5D0098BAE3 /* ZKBaseEdgeInsetButton.m */,
				012CF2952AB29E5D0098BAE3 /* ZKBaseMessageConfiguration.h */,
				012CF2832AB29E5D0098BAE3 /* ZKBaseMessageConfiguration.m */,
				012CF2892AB29E5D0098BAE3 /* ZKBaseNavigationController.h */,
				012CF28E2AB29E5D0098BAE3 /* ZKBaseNavigationController.m */,
				012CF2842AB29E5D0098BAE3 /* ZKBasePopUpView.h */,
				012CF2942AB29E5D0098BAE3 /* ZKBasePopUpView.m */,
				012CF29A2AB29E5D0098BAE3 /* ZKBaseRoundTextField.h */,
				012CF2A42AB29E5D0098BAE3 /* ZKBaseRoundTextField.m */,
				012CF28D2AB29E5D0098BAE3 /* ZKBaseTabBarViewController.h */,
				012CF2912AB29E5D0098BAE3 /* ZKBaseTabBarViewController.m */,
				012CF29B2AB29E5D0098BAE3 /* ZKBaseTextField.h */,
				012CF2A32AB29E5D0098BAE3 /* ZKBaseTextField.m */,
				012CF29F2AB29E5D0098BAE3 /* ZKBaseTipTool.h */,
				012CF2992AB29E5D0098BAE3 /* ZKBaseTipTool.m */,
				012CF2862AB29E5D0098BAE3 /* ZKBaseTitleConfiguration.h */,
				012CF2962AB29E5D0098BAE3 /* ZKBaseTitleConfiguration.m */,
				012CF28C2AB29E5D0098BAE3 /* ZKBaseViewController.h */,
				012CF2922AB29E5D0098BAE3 /* ZKBaseViewController.m */,
				012CF2A52AB29E5D0098BAE3 /* ZKCustomLayout.h */,
				012CF29E2AB29E5D0098BAE3 /* ZKCustomLayout.m */,
				012CF2A62AB29E5D0098BAE3 /* ZKPopUpViewBtnModel.h */,
				012CF2872AB29E5D0098BAE3 /* ZKPopUpViewBtnModel.m */,
				012CF2852AB29E5D0098BAE3 /* ZKThemeAdapter.h */,
				012CF2932AB29E5D0098BAE3 /* ZKThemeAdapter.m */,
				012CF3F42AB2E41F0098BAE3 /* HTAdViewManager.h */,
				012CF3F52AB2E41F0098BAE3 /* HTAdViewManager.m */,
				012CF3F72AB2E4840098BAE3 /* HTAdView.h */,
				012CF3F82AB2E4840098BAE3 /* HTAdView.m */,
				012CF3FA2AB2EB290098BAE3 /* HTAdLovinManager.h */,
				012CF3FB2AB2EB290098BAE3 /* HTAdLovinManager.m */,
				012CF3FD2AB2EC990098BAE3 /* HTRemoveAdPopView.h */,
				012CF3FE2AB2EC990098BAE3 /* HTRemoveAdPopView.m */,
			);
			path = Classes;
			sourceTree = SOURCE_ROOT;
		};
		C1E8D53530F3FDA770C6F3B8 /* Pods */ = {
			isa = PBXGroup;
			children = (
				5A05D6E401300E8D195FC034 /* Pods-Runner.debug.xcconfig */,
				0E4CC65C7F022335ACBCF091 /* Pods-Runner.release.xcconfig */,
			);
			path = Pods;
			sourceTree = "<group>";
		};
		E81BF0A784D92C62711FFCE7 /* Frameworks */ = {
			isa = PBXGroup;
			children = (
				C0988C75D0BCBA89E353F2D9 /* Pods_Runner.framework */,
			);
			name = Frameworks;
			sourceTree = "<group>";
		};
/* End PBXGroup section */

/* Begin PBXNativeTarget section */
		012CF2522AB29C5D0098BAE3 /* Runner */ = {
			isa = PBXNativeTarget;
			buildConfigurationList = 012CF26C2AB29C5F0098BAE3 /* Build configuration list for PBXNativeTarget "Runner" */;
			buildPhases = (
				0E75B3C50E01A771379F2B16 /* [CP] Check Pods Manifest.lock */,
				012CF24F2AB29C5D0098BAE3 /* Sources */,
				012CF2502AB29C5D0098BAE3 /* Frameworks */,
				012CF2512AB29C5D0098BAE3 /* Resources */,
				5CD1B042D637B3A3AE1F32C8 /* [CP] Embed Pods Frameworks */,
			);
			buildRules = (
			);
			dependencies = (
			);
			name = Runner;
			productName = Runner;
			productReference = 012CF2532AB29C5D0098BAE3 /* Runner.app */;
			productType = "com.apple.product-type.application";
		};
/* End PBXNativeTarget section */

/* Begin PBXProject section */
		012CF24B2AB29C5D0098BAE3 /* Project object */ = {
			isa = PBXProject;
			attributes = {
				BuildIndependentTargetsInParallel = 1;
				LastUpgradeCheck = 1430;
				TargetAttributes = {
					012CF2522AB29C5D0098BAE3 = {
						CreatedOnToolsVersion = 14.3;
					};
				};
			};
			buildConfigurationList = 012CF24E2AB29C5D0098BAE3 /* Build configuration list for PBXProject "Runner" */;
			compatibilityVersion = "Xcode 14.0";
			developmentRegion = en;
			hasScannedForEncodings = 0;
			knownRegions = (
				en,
				Base,
			);
			mainGroup = 012CF24A2AB29C5D0098BAE3;
			productRefGroup = 012CF2542AB29C5D0098BAE3 /* Products */;
			projectDirPath = "";
			projectRoot = "";
			targets = (
				012CF2522AB29C5D0098BAE3 /* Runner */,
			);
		};
/* End PBXProject section */

/* Begin PBXResourcesBuildPhase section */
		012CF2512AB29C5D0098BAE3 /* Resources */ = {
			isa = PBXResourcesBuildPhase;
			buildActionMask = 2147483647;
			files = (
				012CF2662AB29C5F0098BAE3 /* LaunchScreen.storyboard in Resources */,
				012CF2632AB29C5F0098BAE3 /* Assets.xcassets in Resources */,
				012CF2612AB29C5D0098BAE3 /* Main.storyboard in Resources */,
			);
			runOnlyForDeploymentPostprocessing = 0;
		};
/* End PBXResourcesBuildPhase section */

/* Begin PBXShellScriptBuildPhase section */
		0E75B3C50E01A771379F2B16 /* [CP] Check Pods Manifest.lock */ = {
			isa = PBXShellScriptBuildPhase;
			buildActionMask = 2147483647;
			files = (
			);
			inputFileListPaths = (
			);
			inputPaths = (
				"${PODS_PODFILE_DIR_PATH}/Podfile.lock",
				"${PODS_ROOT}/Manifest.lock",
			);
			name = "[CP] Check Pods Manifest.lock";
			outputFileListPaths = (
			);
			outputPaths = (
				"$(DERIVED_FILE_DIR)/Pods-Runner-checkManifestLockResult.txt",
			);
			runOnlyForDeploymentPostprocessing = 0;
			shellPath = /bin/sh;
			shellScript = "diff \"${PODS_PODFILE_DIR_PATH}/Podfile.lock\" \"${PODS_ROOT}/Manifest.lock\" > /dev/null\nif [ $? != 0 ] ; then\n    # print error to STDERR\n    echo \"error: The sandbox is not in sync with the Podfile.lock. Run 'pod install' or update your CocoaPods installation.\" >&2\n    exit 1\nfi\n# This output is used by Xcode 'outputs' to avoid re-running this script phase.\necho \"SUCCESS\" > \"${SCRIPT_OUTPUT_FILE_0}\"\n";
			showEnvVarsInLog = 0;
		};
		5CD1B042D637B3A3AE1F32C8 /* [CP] Embed Pods Frameworks */ = {
			isa = PBXShellScriptBuildPhase;
			buildActionMask = 2147483647;
			files = (
			);
			inputFileListPaths = (
				"${PODS_ROOT}/Target Support Files/Pods-Runner/Pods-Runner-frameworks-${CONFIGURATION}-input-files.xcfilelist",
			);
			name = "[CP] Embed Pods Frameworks";
			outputFileListPaths = (
				"${PODS_ROOT}/Target Support Files/Pods-Runner/Pods-Runner-frameworks-${CONFIGURATION}-output-files.xcfilelist",
			);
			runOnlyForDeploymentPostprocessing = 0;
			shellPath = /bin/sh;
			shellScript = "\"${PODS_ROOT}/Target Support Files/Pods-Runner/Pods-Runner-frameworks.sh\"\n";
			showEnvVarsInLog = 0;
		};
/* End PBXShellScriptBuildPhase section */

/* Begin PBXSourcesBuildPhase section */
		012CF24F2AB29C5D0098BAE3 /* Sources */ = {
			isa = PBXSourcesBuildPhase;
			buildActionMask = 2147483647;
			files = (
				012CF2B02AB29E5D0098BAE3 /* HTStringUtils.m in Sources */,
				012CF3FC2AB2EB290098BAE3 /* HTAdLovinManager.m in Sources */,
				012CF2AF2AB29E5D0098BAE3 /* HTCommonUtils.m in Sources */,
				012CF2B92AB29E5D0098BAE3 /* ZKBaseTabBarViewController.m in Sources */,
				012CF2C72AB29E5D0098BAE3 /* UIButton+LoadActivityView.m in Sources */,
				012CF2BD2AB29E5D0098BAE3 /* ZKBaseTitleConfiguration.m in Sources */,
				012CF2B12AB29E5D0098BAE3 /* FLBaseModel.m in Sources */,
				012CF2C22AB29E5D0098BAE3 /* ZKCustomLayout.m in Sources */,
				012CF2C42AB29E5D0098BAE3 /* ZKBaseRoundTextField.m in Sources */,
				012CF2C02AB29E5D0098BAE3 /* LoadActivityIndicatorButton.m in Sources */,
				012CF2BC2AB29E5D0098BAE3 /* ZKBasePopUpView.m in Sources */,
				012CF3ED2AB2E2650098BAE3 /* HTAdBaseModel.m in Sources */,
				012CF2BB2AB29E5D0098BAE3 /* ZKThemeAdapter.m in Sources */,
				012CF2B62AB29E5D0098BAE3 /* HTBaseViewController.m in Sources */,
				012CF2B42AB29E5D0098BAE3 /* ZKBaseMessageConfiguration.m in Sources */,
				012CF2AC2AB29E5D0098BAE3 /* HTCommonConfiguration.m in Sources */,
				012CF2B52AB29E5D0098BAE3 /* ZKPopUpViewBtnModel.m in Sources */,
				012CF2C12AB29E5D0098BAE3 /* ZKAlertView.m in Sources */,
				012CF3FF2AB2EC990098BAE3 /* HTRemoveAdPopView.m in Sources */,
				012CF2BA2AB29E5D0098BAE3 /* ZKBaseViewController.m in Sources */,
				012CF3002AB2BB600098BAE3 /* LKFPrivateFunction.m in Sources */,
				012CF2AD2AB29E5D0098BAE3 /* UIColor+Color.m in Sources */,
				012CF2FD2AB2BAFC0098BAE3 /* HTFileManager.m in Sources */,
				012CF2B22AB29E5D0098BAE3 /* NSString+Extension.m in Sources */,
				012CF2B32AB29E5D0098BAE3 /* UINavigationController+FDFullscreenPopGesture.m in Sources */,
				012CF3F62AB2E41F0098BAE3 /* HTAdViewManager.m in Sources */,
				012CF2C62AB29E5D0098BAE3 /* UIView+Extension.m in Sources */,
				012CF2B82AB29E5D0098BAE3 /* HTBaseNavigationController.m in Sources */,
				012CF25E2AB29C5D0098BAE3 /* ViewController.m in Sources */,
				012CF2C52AB29E5D0098BAE3 /* HTAccountModel.m in Sources */,
				012CF2B72AB29E5D0098BAE3 /* ZKBaseNavigationController.m in Sources */,
				012CF2C32AB29E5D0098BAE3 /* ZKBaseTextField.m in Sources */,
				012CF2582AB29C5D0098BAE3 /* AppDelegate.m in Sources */,
				012CF2BE2AB29E5D0098BAE3 /* ZKBaseEdgeInsetButton.m in Sources */,
				012CF2AE2AB29E5D0098BAE3 /* UIViewController+Navigation.m in Sources */,
				012CF2BF2AB29E5D0098BAE3 /* ZKBaseTipTool.m in Sources */,
				012CF3F92AB2E4840098BAE3 /* HTAdView.m in Sources */,
				012CF2692AB29C5F0098BAE3 /* main.m in Sources */,
				012CF25B2AB29C5D0098BAE3 /* SceneDelegate.m in Sources */,
			);
			runOnlyForDeploymentPostprocessing = 0;
		};
/* End PBXSourcesBuildPhase section */

/* Begin PBXVariantGroup section */
		012CF25F2AB29C5D0098BAE3 /* Main.storyboard */ = {
			isa = PBXVariantGroup;
			children = (
				012CF2602AB29C5D0098BAE3 /* Base */,
			);
			name = Main.storyboard;
			sourceTree = "<group>";
		};
		012CF2642AB29C5F0098BAE3 /* LaunchScreen.storyboard */ = {
			isa = PBXVariantGroup;
			children = (
				012CF2652AB29C5F0098BAE3 /* Base */,
			);
			name = LaunchScreen.storyboard;
			sourceTree = "<group>";
		};
/* End PBXVariantGroup section */

/* Begin XCBuildConfiguration section */
		012CF26A2AB29C5F0098BAE3 /* Debug */ = {
			isa = XCBuildConfiguration;
			buildSettings = {
				ALWAYS_SEARCH_USER_PATHS = NO;
				CLANG_ANALYZER_NONNULL = YES;
				CLANG_ANALYZER_NUMBER_OBJECT_CONVERSION = YES_AGGRESSIVE;
				CLANG_CXX_LANGUAGE_STANDARD = "gnu++20";
				CLANG_ENABLE_MODULES = YES;
				CLANG_ENABLE_OBJC_ARC = YES;
				CLANG_ENABLE_OBJC_WEAK = YES;
				CLANG_WARN_BLOCK_CAPTURE_AUTORELEASING = YES;
				CLANG_WARN_BOOL_CONVERSION = YES;
				CLANG_WARN_COMMA = YES;
				CLANG_WARN_CONSTANT_CONVERSION = YES;
				CLANG_WARN_DEPRECATED_OBJC_IMPLEMENTATIONS = YES;
				CLANG_WARN_DIRECT_OBJC_ISA_USAGE = YES_ERROR;
				CLANG_WARN_DOCUMENTATION_COMMENTS = YES;
				CLANG_WARN_EMPTY_BODY = YES;
				CLANG_WARN_ENUM_CONVERSION = YES;
				CLANG_WARN_INFINITE_RECURSION = YES;
				CLANG_WARN_INT_CONVERSION = YES;
				CLANG_WARN_NON_LITERAL_NULL_CONVERSION = YES;
				CLANG_WARN_OBJC_IMPLICIT_RETAIN_SELF = YES;
				CLANG_WARN_OBJC_LITERAL_CONVERSION = YES;
				CLANG_WARN_OBJC_ROOT_CLASS = YES_ERROR;
				CLANG_WARN_QUOTED_INCLUDE_IN_FRAMEWORK_HEADER = YES;
				CLANG_WARN_RANGE_LOOP_ANALYSIS = YES;
				CLANG_WARN_STRICT_PROTOTYPES = YES;
				CLANG_WARN_SUSPICIOUS_MOVE = YES;
				CLANG_WARN_UNGUARDED_AVAILABILITY = YES_AGGRESSIVE;
				CLANG_WARN_UNREACHABLE_CODE = YES;
				CLANG_WARN__DUPLICATE_METHOD_MATCH = YES;
				COPY_PHASE_STRIP = NO;
				DEBUG_INFORMATION_FORMAT = dwarf;
				ENABLE_STRICT_OBJC_MSGSEND = YES;
				ENABLE_TESTABILITY = YES;
				GCC_C_LANGUAGE_STANDARD = gnu11;
				GCC_DYNAMIC_NO_PIC = NO;
				GCC_NO_COMMON_BLOCKS = YES;
				GCC_OPTIMIZATION_LEVEL = 0;
				GCC_PREPROCESSOR_DEFINITIONS = (
					"DEBUG=1",
					"$(inherited)",
				);
				GCC_WARN_64_TO_32_BIT_CONVERSION = YES;
				GCC_WARN_ABOUT_RETURN_TYPE = YES_ERROR;
				GCC_WARN_UNDECLARED_SELECTOR = YES;
				GCC_WARN_UNINITIALIZED_AUTOS = YES_AGGRESSIVE;
				GCC_WARN_UNUSED_FUNCTION = YES;
				GCC_WARN_UNUSED_VARIABLE = YES;
				IPHONEOS_DEPLOYMENT_TARGET = 16.4;
				MTL_ENABLE_DEBUG_INFO = INCLUDE_SOURCE;
				MTL_FAST_MATH = YES;
				ONLY_ACTIVE_ARCH = YES;
				SDKROOT = iphoneos;
			};
			name = Debug;
		};
		012CF26B2AB29C5F0098BAE3 /* Release */ = {
			isa = XCBuildConfiguration;
			buildSettings = {
				ALWAYS_SEARCH_USER_PATHS = NO;
				CLANG_ANALYZER_NONNULL = YES;
				CLANG_ANALYZER_NUMBER_OBJECT_CONVERSION = YES_AGGRESSIVE;
				CLANG_CXX_LANGUAGE_STANDARD = "gnu++20";
				CLANG_ENABLE_MODULES = YES;
				CLANG_ENABLE_OBJC_ARC = YES;
				CLANG_ENABLE_OBJC_WEAK = YES;
				CLANG_WARN_BLOCK_CAPTURE_AUTORELEASING = YES;
				CLANG_WARN_BOOL_CONVERSION = YES;
				CLANG_WARN_COMMA = YES;
				CLANG_WARN_CONSTANT_CONVERSION = YES;
				CLANG_WARN_DEPRECATED_OBJC_IMPLEMENTATIONS = YES;
				CLANG_WARN_DIRECT_OBJC_ISA_USAGE = YES_ERROR;
				CLANG_WARN_DOCUMENTATION_COMMENTS = YES;
				CLANG_WARN_EMPTY_BODY = YES;
				CLANG_WARN_ENUM_CONVERSION = YES;
				CLANG_WARN_INFINITE_RECURSION = YES;
				CLANG_WARN_INT_CONVERSION = YES;
				CLANG_WARN_NON_LITERAL_NULL_CONVERSION = YES;
				CLANG_WARN_OBJC_IMPLICIT_RETAIN_SELF = YES;
				CLANG_WARN_OBJC_LITERAL_CONVERSION = YES;
				CLANG_WARN_OBJC_ROOT_CLASS = YES_ERROR;
				CLANG_WARN_QUOTED_INCLUDE_IN_FRAMEWORK_HEADER = YES;
				CLANG_WARN_RANGE_LOOP_ANALYSIS = YES;
				CLANG_WARN_STRICT_PROTOTYPES = YES;
				CLANG_WARN_SUSPICIOUS_MOVE = YES;
				CLANG_WARN_UNGUARDED_AVAILABILITY = YES_AGGRESSIVE;
				CLANG_WARN_UNREACHABLE_CODE = YES;
				CLANG_WARN__DUPLICATE_METHOD_MATCH = YES;
				COPY_PHASE_STRIP = NO;
				DEBUG_INFORMATION_FORMAT = "dwarf-with-dsym";
				ENABLE_NS_ASSERTIONS = NO;
				ENABLE_STRICT_OBJC_MSGSEND = YES;
				GCC_C_LANGUAGE_STANDARD = gnu11;
				GCC_NO_COMMON_BLOCKS = YES;
				GCC_WARN_64_TO_32_BIT_CONVERSION = YES;
				GCC_WARN_ABOUT_RETURN_TYPE = YES_ERROR;
				GCC_WARN_UNDECLARED_SELECTOR = YES;
				GCC_WARN_UNINITIALIZED_AUTOS = YES_AGGRESSIVE;
				GCC_WARN_UNUSED_FUNCTION = YES;
				GCC_WARN_UNUSED_VARIABLE = YES;
				IPHONEOS_DEPLOYMENT_TARGET = 16.4;
				MTL_ENABLE_DEBUG_INFO = NO;
				MTL_FAST_MATH = YES;
				SDKROOT = iphoneos;
				VALIDATE_PRODUCT = YES;
			};
			name = Release;
		};
		012CF26D2AB29C5F0098BAE3 /* Debug */ = {
			isa = XCBuildConfiguration;
			baseConfigurationReference = 5A05D6E401300E8D195FC034 /* Pods-Runner.debug.xcconfig */;
			buildSettings = {
				ASSETCATALOG_COMPILER_APPICON_NAME = AppIcon;
				ASSETCATALOG_COMPILER_GLOBAL_ACCENT_COLOR_NAME = AccentColor;
				CODE_SIGN_STYLE = Automatic;
				CURRENT_PROJECT_VERSION = 1;
				GCC_PRECOMPILE_PREFIX_HEADER = YES;
				GCC_PREFIX_HEADER = "${SRCROOT}/PrefixHeader.pch";
				GENERATE_INFOPLIST_FILE = YES;
				INFOPLIST_FILE = Runner/Info.plist;
				INFOPLIST_KEY_UIApplicationSupportsIndirectInputEvents = YES;
				INFOPLIST_KEY_UILaunchStoryboardName = LaunchScreen;
				INFOPLIST_KEY_UIMainStoryboardFile = Main;
				INFOPLIST_KEY_UIRequiresFullScreen = YES;
				INFOPLIST_KEY_UISupportedInterfaceOrientations = "UIInterfaceOrientationLandscapeLeft UIInterfaceOrientationLandscapeRight UIInterfaceOrientationPortrait";
				IPHONEOS_DEPLOYMENT_TARGET = 12.0;
				LD_RUNPATH_SEARCH_PATHS = (
					"$(inherited)",
					"@executable_path/Frameworks",
				);
				MARKETING_VERSION = 1.0.0;
				PRODUCT_BUNDLE_IDENTIFIER = WhiteWhaleTech.Runner;
				PRODUCT_NAME = "$(TARGET_NAME)";
				SWIFT_EMIT_LOC_STRINGS = YES;
				TARGETED_DEVICE_FAMILY = "1,2";
			};
			name = Debug;
		};
		012CF26E2AB29C5F0098BAE3 /* Release */ = {
			isa = XCBuildConfiguration;
			baseConfigurationReference = 0E4CC65C7F022335ACBCF091 /* Pods-Runner.release.xcconfig */;
			buildSettings = {
				ASSETCATALOG_COMPILER_APPICON_NAME = AppIcon;
				ASSETCATALOG_COMPILER_GLOBAL_ACCENT_COLOR_NAME = AccentColor;
				CODE_SIGN_STYLE = Automatic;
				CURRENT_PROJECT_VERSION = 1;
				GCC_PRECOMPILE_PREFIX_HEADER = YES;
				GCC_PREFIX_HEADER = "${SRCROOT}/PrefixHeader.pch";
				GENERATE_INFOPLIST_FILE = YES;
				INFOPLIST_FILE = Runner/Info.plist;
				INFOPLIST_KEY_UIApplicationSupportsIndirectInputEvents = YES;
				INFOPLIST_KEY_UILaunchStoryboardName = LaunchScreen;
				INFOPLIST_KEY_UIMainStoryboardFile = Main;
				INFOPLIST_KEY_UIRequiresFullScreen = YES;
				INFOPLIST_KEY_UISupportedInterfaceOrientations = "UIInterfaceOrientationLandscapeLeft UIInterfaceOrientationLandscapeRight UIInterfaceOrientationPortrait";
				IPHONEOS_DEPLOYMENT_TARGET = 12.0;
				LD_RUNPATH_SEARCH_PATHS = (
					"$(inherited)",
					"@executable_path/Frameworks",
				);
				MARKETING_VERSION = 1.0.0;
				PRODUCT_BUNDLE_IDENTIFIER = WhiteWhaleTech.Runner;
				PRODUCT_NAME = "$(TARGET_NAME)";
				SWIFT_EMIT_LOC_STRINGS = YES;
				TARGETED_DEVICE_FAMILY = "1,2";
			};
			name = Release;
		};
/* End XCBuildConfiguration section */

/* Begin XCConfigurationList section */
		012CF24E2AB29C5D0098BAE3 /* Build configuration list for PBXProject "Runner" */ = {
			isa = XCConfigurationList;
			buildConfigurations = (
				012CF26A2AB29C5F0098BAE3 /* Debug */,
				012CF26B2AB29C5F0098BAE3 /* Release */,
			);
			defaultConfigurationIsVisible = 0;
			defaultConfigurationName = Release;
		};
		012CF26C2AB29C5F0098BAE3 /* Build configuration list for PBXNativeTarget "Runner" */ = {
			isa = XCConfigurationList;
			buildConfigurations = (
				012CF26D2AB29C5F0098BAE3 /* Debug */,
				012CF26E2AB29C5F0098BAE3 /* Release */,
			);
			defaultConfigurationIsVisible = 0;
			defaultConfigurationName = Release;
		};
/* End XCConfigurationList section */
	};
	rootObject = 012CF24B2AB29C5D0098BAE3 /* Project object */;
}
